{
  "name": "finance-tools",
  "lockfileVersion": 2,
  "requires": true,
  "packages": {
    "": {
      "dependencies": {
        "dexie": "^3.2.1"
      }
    },
    "node_modules/dexie": {
      "version": "3.2.1",
      "resolved": "https://registry.npmjs.org/dexie/-/dexie-3.2.1.tgz",
      "integrity": "sha512-Y8oz3t2XC9hvjkP35B5I8rUkKKwM36GGRjWQCMjzIYScg7W+GHKDXobSYswkisW7CxL1/tKQtggMDsiWqDUc1g==",
      "engines": {
        "node": ">=6.0"
      }
    }
  },
  "dependencies": {
    "dexie": {
      "version": "3.2.1",
      "resolved": "https://registry.npmjs.org/dexie/-/dexie-3.2.1.tgz",
      "integrity": "sha512-Y8oz3t2XC9hvjkP35B5I8rUkKKwM36GGRjWQCMjzIYScg7W+GHKDXobSYswkisW7CxL1/tKQtggMDsiWqDUc1g=="
    }
  }
}
